
Microsoft Visual Studio Solution File, Format Version 12.00
# Visual Studio 15
VisualStudioVersion = 15.0.27703.2026
MinimumVisualStudioVersion = 10.0.40219.1
Project("{FAE04EC0-301F-11D3-BF4B-00C04F79EFBC}") = "Assignment pg81", "Assignment pg81\Assignment pg81.csproj", "{29F9C3AE-7032-44A3-83D0-DB1B6BC177E8}"
EndProject
Global
	GlobalSection(SolutionConfigurationPlatforms) = preSolution
		Debug|Any CPU = Debug|Any CPU
		Release|Any CPU = Release|Any CPU
	EndGlobalSection
	GlobalSection(ProjectConfigurationPlatforms) = postSolution
		{29F9C3AE-7032-44A3-83D0-DB1B6BC177E8}.Debug|Any CPU.ActiveCfg = Debug|Any CPU
		{29F9C3AE-7032-44A3-83D0-DB1B6BC177E8}.Debug|Any CPU.Build.0 = Debug|Any CPU
		{29F9C3AE-7032-44A3-83D0-DB1B6BC177E8}.Release|Any CPU.ActiveCfg = Release|Any CPU
		{29F9C3AE-7032-44A3-83D0-DB1B6BC177E8}.Release|Any CPU.Build.0 = Release|Any CPU
	EndGlobalSection
	GlobalSection(SolutionProperties) = preSolution
		HideSolutionNode = FALSE
	EndGlobalSection
	GlobalSection(ExtensibilityGlobals) = postSolution
		SolutionGuid = {DFC7E8EF-1263-4C50-A3AE-5B2F85B5EC1F}
	EndGlobalSection
EndGlobal
