
Microsoft Visual Studio Solution File, Format Version 12.00
# Visual Studio 15
VisualStudioVersion = 15.0.27703.2026
MinimumVisualStudioVersion = 10.0.40219.1
Project("{FAE04EC0-301F-11D3-BF4B-00C04F79EFBC}") = "Arrays and Strings", "Arrays and Strings\Arrays and Strings.csproj", "{99F31071-416F-4988-A085-10DD701349BD}"
EndProject
Global
	GlobalSection(SolutionConfigurationPlatforms) = preSolution
		Debug|Any CPU = Debug|Any CPU
		Release|Any CPU = Release|Any CPU
	EndGlobalSection
	GlobalSection(ProjectConfigurationPlatforms) = postSolution
		{99F31071-416F-4988-A085-10DD701349BD}.Debug|Any CPU.ActiveCfg = Debug|Any CPU
		{99F31071-416F-4988-A085-10DD701349BD}.Debug|Any CPU.Build.0 = Debug|Any CPU
		{99F31071-416F-4988-A085-10DD701349BD}.Release|Any CPU.ActiveCfg = Release|Any CPU
		{99F31071-416F-4988-A085-10DD701349BD}.Release|Any CPU.Build.0 = Release|Any CPU
	EndGlobalSection
	GlobalSection(SolutionProperties) = preSolution
		HideSolutionNode = FALSE
	EndGlobalSection
	GlobalSection(ExtensibilityGlobals) = postSolution
		SolutionGuid = {5389367A-D082-41F5-A7D1-0A062E5FC346}
	EndGlobalSection
EndGlobal
