
Microsoft Visual Studio Solution File, Format Version 12.00
# Visual Studio 15
VisualStudioVersion = 15.0.27703.2026
MinimumVisualStudioVersion = 10.0.40219.1
Project("{FAE04EC0-301F-11D3-BF4B-00C04F79EFBC}") = "MathApp", "MathApp\MathApp.csproj", "{9ADBC308-0171-4EC0-A995-32289042DAD3}"
EndProject
Global
	GlobalSection(SolutionConfigurationPlatforms) = preSolution
		Debug|Any CPU = Debug|Any CPU
		Release|Any CPU = Release|Any CPU
	EndGlobalSection
	GlobalSection(ProjectConfigurationPlatforms) = postSolution
		{9ADBC308-0171-4EC0-A995-32289042DAD3}.Debug|Any CPU.ActiveCfg = Debug|Any CPU
		{9ADBC308-0171-4EC0-A995-32289042DAD3}.Debug|Any CPU.Build.0 = Debug|Any CPU
		{9ADBC308-0171-4EC0-A995-32289042DAD3}.Release|Any CPU.ActiveCfg = Release|Any CPU
		{9ADBC308-0171-4EC0-A995-32289042DAD3}.Release|Any CPU.Build.0 = Release|Any CPU
	EndGlobalSection
	GlobalSection(SolutionProperties) = preSolution
		HideSolutionNode = FALSE
	EndGlobalSection
	GlobalSection(ExtensibilityGlobals) = postSolution
		SolutionGuid = {9F3270D8-F82A-42C0-A3AD-E91FD2603AE4}
	EndGlobalSection
EndGlobal
