
Microsoft Visual Studio Solution File, Format Version 12.00
# Visual Studio 15
VisualStudioVersion = 15.0.27703.2026
MinimumVisualStudioVersion = 10.0.40219.1
Project("{FAE04EC0-301F-11D3-BF4B-00C04F79EFBC}") = "Assignment pg79", "Assignment pg79\Assignment pg79.csproj", "{CBD3D44A-1BE4-4434-A0FF-84A4D505AD14}"
EndProject
Global
	GlobalSection(SolutionConfigurationPlatforms) = preSolution
		Debug|Any CPU = Debug|Any CPU
		Release|Any CPU = Release|Any CPU
	EndGlobalSection
	GlobalSection(ProjectConfigurationPlatforms) = postSolution
		{CBD3D44A-1BE4-4434-A0FF-84A4D505AD14}.Debug|Any CPU.ActiveCfg = Debug|Any CPU
		{CBD3D44A-1BE4-4434-A0FF-84A4D505AD14}.Debug|Any CPU.Build.0 = Debug|Any CPU
		{CBD3D44A-1BE4-4434-A0FF-84A4D505AD14}.Release|Any CPU.ActiveCfg = Release|Any CPU
		{CBD3D44A-1BE4-4434-A0FF-84A4D505AD14}.Release|Any CPU.Build.0 = Release|Any CPU
	EndGlobalSection
	GlobalSection(SolutionProperties) = preSolution
		HideSolutionNode = FALSE
	EndGlobalSection
	GlobalSection(ExtensibilityGlobals) = postSolution
		SolutionGuid = {BD8E0FF6-CF79-409F-B193-DFA25EF82248}
	EndGlobalSection
EndGlobal
