
Microsoft Visual Studio Solution File, Format Version 12.00
# Visual Studio 15
VisualStudioVersion = 15.0.27703.2026
MinimumVisualStudioVersion = 10.0.40219.1
Project("{FAE04EC0-301F-11D3-BF4B-00C04F79EFBC}") = "EXCEPTION HANDLING", "EXCEPTION HANDLING\EXCEPTION HANDLING.csproj", "{AFA34EF8-AA24-4014-A22E-55D5EFAB0CEA}"
EndProject
Global
	GlobalSection(SolutionConfigurationPlatforms) = preSolution
		Debug|Any CPU = Debug|Any CPU
		Release|Any CPU = Release|Any CPU
	EndGlobalSection
	GlobalSection(ProjectConfigurationPlatforms) = postSolution
		{AFA34EF8-AA24-4014-A22E-55D5EFAB0CEA}.Debug|Any CPU.ActiveCfg = Debug|Any CPU
		{AFA34EF8-AA24-4014-A22E-55D5EFAB0CEA}.Debug|Any CPU.Build.0 = Debug|Any CPU
		{AFA34EF8-AA24-4014-A22E-55D5EFAB0CEA}.Release|Any CPU.ActiveCfg = Release|Any CPU
		{AFA34EF8-AA24-4014-A22E-55D5EFAB0CEA}.Release|Any CPU.Build.0 = Release|Any CPU
	EndGlobalSection
	GlobalSection(SolutionProperties) = preSolution
		HideSolutionNode = FALSE
	EndGlobalSection
	GlobalSection(ExtensibilityGlobals) = postSolution
		SolutionGuid = {DE8A3B84-E53E-4424-9399-4A554A7EFF20}
	EndGlobalSection
EndGlobal
